%{"blueprint": {:hex, :blueprint, "0.3.1", "6f83d0377be71fc50f97f7f1458b1b4749513c2585e7664796a21d744a41af7f", [:mix], [{:graphvix, "~> 0.5.0", [hex: :graphvix, repo: "hexpm", optional: false]}, {:simple_markdown, "~> 0.3", [hex: :simple_markdown, repo: "hexpm", optional: false]}, {:simple_markdown_extension_cli, "~> 0.1.3", [hex: :simple_markdown_extension_cli, repo: "hexpm", optional: false]}], "hexpm"},
  "certifi": {:hex, :certifi, "2.0.0", "a0c0e475107135f76b8c1d5bc7efb33cd3815cb3cf3dea7aefdd174dabead064", [:rebar3], [], "hexpm"},
  "connection": {:hex, :connection, "1.0.4", "a1cae72211f0eef17705aaededacac3eb30e6625b04a6117c1b2db6ace7d5976", [], [], "hexpm"},
  "db_connection": {:hex, :db_connection, "1.1.2", "2865c2a4bae0714e2213a0ce60a1b12d76a6efba0c51fbda59c9ab8d1accc7a8", [], [{:connection, "~> 1.0.2", [hex: :connection, repo: "hexpm", optional: false]}, {:poolboy, "~> 1.5", [hex: :poolboy, repo: "hexpm", optional: true]}, {:sbroker, "~> 1.0", [hex: :sbroker, repo: "hexpm", optional: true]}], "hexpm"},
  "decimal": {:hex, :decimal, "1.4.1", "ad9e501edf7322f122f7fc151cce7c2a0c9ada96f2b0155b8a09a795c2029770", [:mix], [], "hexpm"},
  "defecto": {:git, "https://github.com/ScrimpyCat/Defecto.git", "696908015092f3be5e6538b759b0658f6887569b", []},
  "earmark": {:hex, :earmark, "1.2.4", "99b637c62a4d65a20a9fb674b8cffb8baa771c04605a80c911c4418c69b75439", [:mix], [], "hexpm"},
  "ecto": {:hex, :ecto, "2.2.8", "a4463c0928b970f2cee722cd29aaac154e866a15882c5737e0038bbfcf03ec2c", [:mix], [{:db_connection, "~> 1.1", [hex: :db_connection, repo: "hexpm", optional: true]}, {:decimal, "~> 1.2", [hex: :decimal, repo: "hexpm", optional: false]}, {:mariaex, "~> 0.8.0", [hex: :mariaex, repo: "hexpm", optional: true]}, {:poison, "~> 2.2 or ~> 3.0", [hex: :poison, repo: "hexpm", optional: true]}, {:poolboy, "~> 1.5", [hex: :poolboy, repo: "hexpm", optional: false]}, {:postgrex, "~> 0.13.0", [hex: :postgrex, repo: "hexpm", optional: true]}, {:sbroker, "~> 1.0", [hex: :sbroker, repo: "hexpm", optional: true]}], "hexpm"},
  "ex_doc": {:hex, :ex_doc, "0.18.2", "993e0a95e9fbb790ac54ea58e700b45b299bd48bc44b4ae0404f28161f37a83e", [:mix], [{:earmark, "~> 1.1", [hex: :earmark, repo: "hexpm", optional: false]}], "hexpm"},
  "ex_doc_simple_markdown": {:hex, :ex_doc_simple_markdown, "0.2.1", "c2da012c194935acabd5eb1b35d15f7dca059df9839ef73f46cacbbbc429b78f", [:mix], [{:ex_doc, "~> 0.18", [hex: :ex_doc, repo: "hexpm", optional: false]}, {:simple_markdown, "~> 0.3", [hex: :simple_markdown, repo: "hexpm", optional: false]}], "hexpm"},
  "graphvix": {:hex, :graphvix, "0.5.0", "ee4125d1f85d7121ac19b4029bafe9a36dc63186efea2aa279b3343ebfbd3211", [:mix], [], "hexpm"},
  "hackney": {:hex, :hackney, "1.11.0", "4951ee019df102492dabba66a09e305f61919a8a183a7860236c0fde586134b6", [:rebar3], [{:certifi, "2.0.0", [hex: :certifi, repo: "hexpm", optional: false]}, {:idna, "5.1.0", [hex: :idna, repo: "hexpm", optional: false]}, {:metrics, "1.0.1", [hex: :metrics, repo: "hexpm", optional: false]}, {:mimerl, "1.0.2", [hex: :mimerl, repo: "hexpm", optional: false]}, {:ssl_verify_fun, "1.1.1", [hex: :ssl_verify_fun, repo: "hexpm", optional: false]}], "hexpm"},
  "html_entities": {:hex, :html_entities, "0.4.0", "f2fee876858cf6aaa9db608820a3209e45a087c5177332799592142b50e89a6b", [:mix], [], "hexpm"},
  "httpoison": {:hex, :httpoison, "0.13.0", "bfaf44d9f133a6599886720f3937a7699466d23bb0cd7a88b6ba011f53c6f562", [:mix], [{:hackney, "~> 1.8", [hex: :hackney, repo: "hexpm", optional: false]}], "hexpm"},
  "idna": {:hex, :idna, "5.1.0", "d72b4effeb324ad5da3cab1767cb16b17939004e789d8c0ad5b70f3cea20c89a", [:rebar3], [{:unicode_util_compat, "0.3.1", [hex: :unicode_util_compat, repo: "hexpm", optional: false]}], "hexpm"},
  "like_sanitizer": {:hex, :like_sanitizer, "0.1.0", "7a71c90b65ddfe81e5b07e35cabd1f266b51d522062f2b6d6067842d8b71d02f", [], [], "hexpm"},
  "metrics": {:hex, :metrics, "1.0.1", "25f094dea2cda98213cecc3aeff09e940299d950904393b2a29d191c346a8486", [:rebar3], [], "hexpm"},
  "mimerl": {:hex, :mimerl, "1.0.2", "993f9b0e084083405ed8252b99460c4f0563e41729ab42d9074fd5e52439be88", [:rebar3], [], "hexpm"},
  "parsey": {:hex, :parsey, "0.0.2", "40356be7a83d5b56a670266fb69c9a2f95f638d1ad28803610f833cee71cac33", [:mix], [], "hexpm"},
  "poolboy": {:hex, :poolboy, "1.5.1", "6b46163901cfd0a1b43d692657ed9d7e599853b3b21b95ae5ae0a777cf9b6ca8", [], [], "hexpm"},
  "postgrex": {:hex, :postgrex, "0.13.3", "c277cfb2a9c5034d445a722494c13359e361d344ef6f25d604c2353185682bfc", [], [{:connection, "~> 1.0", [hex: :connection, repo: "hexpm", optional: false]}, {:db_connection, "~> 1.1", [hex: :db_connection, repo: "hexpm", optional: false]}, {:decimal, "~> 1.0", [hex: :decimal, repo: "hexpm", optional: false]}], "hexpm"},
  "protecto": {:git, "https://github.com/ScrimpyCat/Protecto.git", "4047f5a7699b93136d7852a5db64e1e2096c193f", []},
  "simple_markdown": {:hex, :simple_markdown, "0.5.2", "46015a91586d2567e98337ec348be186d629bb3cd9f3aa84e9c455b55da292e8", [:mix], [{:html_entities, "~> 0.3", [hex: :html_entities, repo: "hexpm", optional: false]}, {:parsey, "~> 0.0.2", [hex: :parsey, repo: "hexpm", optional: false]}], "hexpm"},
  "simple_markdown_extension_blueprint": {:hex, :simple_markdown_extension_blueprint, "0.2.0", "12ed4eaf55aa633110a7ba35b5344f64b802c77d368286aa65734d6d32d1161c", [:mix], [{:blueprint, "~> 0.2", [hex: :blueprint, repo: "hexpm", optional: false]}, {:simple_markdown, "~> 0.3", [hex: :simple_markdown, repo: "hexpm", optional: false]}], "hexpm"},
  "simple_markdown_extension_cli": {:hex, :simple_markdown_extension_cli, "0.1.4", "eae9833cdddb98f5c4534ebd4313ad8954ac555f001331c6d44bbf310210cbf9", [:mix], [{:simple_markdown, "~> 0.3", [hex: :simple_markdown, repo: "hexpm", optional: false]}], "hexpm"},
  "simple_markdown_extension_highlight_js": {:hex, :simple_markdown_extension_highlight_js, "0.1.0", "0a73160845e1496a39792ed6fa3e8438abd2b7f6cb7f8f39d7481015413d9a67", [:mix], [{:html_entities, "~> 0.3", [hex: :html_entities, repo: "hexpm", optional: false]}, {:httpoison, "~> 0.9", [hex: :httpoison, repo: "hexpm", optional: false]}, {:simple_markdown, "~> 0.3", [hex: :simple_markdown, repo: "hexpm", optional: false]}], "hexpm"},
  "ssl_verify_fun": {:hex, :ssl_verify_fun, "1.1.1", "28a4d65b7f59893bc2c7de786dec1e1555bd742d336043fe644ae956c3497fbe", [:make, :rebar], [], "hexpm"},
  "toml_elixir": {:hex, :toml_elixir, "1.1.0", "ae0b11a77328e3a42dfb260939099f5d3aa5d424b29e444c0b1e203faa994fc3", [], [], "hexpm"},
  "translecto": {:hex, :translecto, "0.3.2", "fae3204ea78a93ff13d2157fb6e899abfa95de66d88905c2b366fac0c70b46c3", [:mix], [{:ecto, "~> 2.0", [hex: :ecto, repo: "hexpm", optional: false]}], "hexpm"},
  "unicode_util_compat": {:hex, :unicode_util_compat, "0.3.1", "a1f612a7b512638634a603c8f401892afbf99b8ce93a45041f8aaca99cadb85e", [:rebar3], [], "hexpm"},
  "uuid": {:hex, :uuid, "1.1.8", "e22fc04499de0de3ed1116b770c7737779f226ceefa0badb3592e64d5cfb4eb9", [], [], "hexpm"},
  "yamerl": {:hex, :yamerl, "0.6.0", "5cb124a01a66418d7d8f2382948c89b48c1764079798eaeb9b578ddb3c7dc58b", [], [], "hexpm"},
  "yaml_elixir": {:hex, :yaml_elixir, "1.3.1", "b84b6333343b0cba176c43c463e622f838825e7476e35334f719b83df4535bff", [], [{:yamerl, "~> 0.5", [hex: :yamerl, repo: "hexpm", optional: false]}], "hexpm"},
  "yum": {:git, "https://github.com/ZURASTA/yum.git", "16f3d3e2f40a6abb369937e195d1b647957e70c0", []}}
